{
  "requires": true,
  "lockfileVersion": 1,
  "dependencies": {
    "bignumber.js": {
      "version": "http://registry.npm.taobao.org/bignumber.js/download/bignumber.js-4.0.4.tgz"
    },
    "chnode19342655": {
      "version": "1.0.1",
      "resolved": "https://registry.npmjs.org/chnode19342655/-/chnode19342655-1.0.1.tgz",
      "integrity": "sha512-HP30+Lyszdo+ZyaWB2Sb/uU26iajouwnEjMLvwP8gXcpplk7gYc0DMz2dTA/gciAJHLwe/eLjqvUAYVqPyNg1w=="
    },
    "core-util-is": {
      "version": "http://registry.npm.taobao.org/core-util-is/download/core-util-is-1.0.2.tgz"
    },
    "inherits": {
      "version": "http://registry.npm.taobao.org/inherits/download/inherits-2.0.3.tgz"
    },
    "isarray": {
      "version": "http://registry.npm.taobao.org/isarray/download/isarray-1.0.0.tgz"
    },
    "mysql": {
      "version": "http://registry.npm.taobao.org/mysql/download/mysql-2.15.0.tgz",
      "requires": {
        "bignumber.js": "http://registry.npm.taobao.org/bignumber.js/download/bignumber.js-4.0.4.tgz",
        "readable-stream": "http://registry.npm.taobao.org/readable-stream/download/readable-stream-2.3.3.tgz",
        "safe-buffer": "http://registry.npm.taobao.org/safe-buffer/download/safe-buffer-5.1.1.tgz",
        "sqlstring": "http://registry.npm.taobao.org/sqlstring/download/sqlstring-2.3.0.tgz"
      },
      "dependencies": {
        "bignumber.js": {
          "version": "http://registry.npm.taobao.org/bignumber.js/download/bignumber.js-4.0.4.tgz",
          "bundled": true
        },
        "readable-stream": {
          "version": "http://registry.npm.taobao.org/readable-stream/download/readable-stream-2.3.3.tgz",
          "bundled": true,
          "requires": {
            "core-util-is": "http://registry.npm.taobao.org/core-util-is/download/core-util-is-1.0.2.tgz",
            "inherits": "http://registry.npm.taobao.org/inherits/download/inherits-2.0.3.tgz",
            "isarray": "http://registry.npm.taobao.org/isarray/download/isarray-1.0.0.tgz",
            "process-nextick-args": "http://registry.npm.taobao.org/process-nextick-args/download/process-nextick-args-1.0.7.tgz",
            "safe-buffer": "http://registry.npm.taobao.org/safe-buffer/download/safe-buffer-5.1.1.tgz",
            "string_decoder": "http://registry.npm.taobao.org/string_decoder/download/string_decoder-1.0.3.tgz",
            "util-deprecate": "http://registry.npm.taobao.org/util-deprecate/download/util-deprecate-1.0.2.tgz"
          },
          "dependencies": {
            "core-util-is": {
              "version": "http://registry.npm.taobao.org/core-util-is/download/core-util-is-1.0.2.tgz",
              "bundled": true
            },
            "inherits": {
              "version": "http://registry.npm.taobao.org/inherits/download/inherits-2.0.3.tgz",
              "bundled": true
            },
            "isarray": {
              "version": "http://registry.npm.taobao.org/isarray/download/isarray-1.0.0.tgz",
              "bundled": true
            },
            "process-nextick-args": {
              "version": "http://registry.npm.taobao.org/process-nextick-args/download/process-nextick-args-1.0.7.tgz",
              "bundled": true
            },
            "safe-buffer": {
              "version": "http://registry.npm.taobao.org/safe-buffer/download/safe-buffer-5.1.1.tgz",
              "bundled": true
            },
            "string_decoder": {
              "version": "http://registry.npm.taobao.org/string_decoder/download/string_decoder-1.0.3.tgz",
              "bundled": true,
              "requires": {
                "safe-buffer": "5.1.1"
              },
              "dependencies": {
                "safe-buffer": {
                  "version": "5.1.1",
                  "bundled": true
                }
              }
            },
            "util-deprecate": {
              "version": "http://registry.npm.taobao.org/util-deprecate/download/util-deprecate-1.0.2.tgz",
              "bundled": true
            }
          }
        },
        "safe-buffer": {
          "version": "http://registry.npm.taobao.org/safe-buffer/download/safe-buffer-5.1.1.tgz",
          "bundled": true
        },
        "sqlstring": {
          "version": "http://registry.npm.taobao.org/sqlstring/download/sqlstring-2.3.0.tgz",
          "bundled": true
        }
      }
    },
    "process-nextick-args": {
      "version": "http://registry.npm.taobao.org/process-nextick-args/download/process-nextick-args-1.0.7.tgz"
    },
    "readable-stream": {
      "version": "http://registry.npm.taobao.org/readable-stream/download/readable-stream-2.3.3.tgz",
      "requires": {
        "core-util-is": "http://registry.npm.taobao.org/core-util-is/download/core-util-is-1.0.2.tgz",
        "inherits": "http://registry.npm.taobao.org/inherits/download/inherits-2.0.3.tgz",
        "isarray": "http://registry.npm.taobao.org/isarray/download/isarray-1.0.0.tgz",
        "process-nextick-args": "http://registry.npm.taobao.org/process-nextick-args/download/process-nextick-args-1.0.7.tgz",
        "safe-buffer": "http://registry.npm.taobao.org/safe-buffer/download/safe-buffer-5.1.1.tgz",
        "string_decoder": "http://registry.npm.taobao.org/string_decoder/download/string_decoder-1.0.3.tgz",
        "util-deprecate": "http://registry.npm.taobao.org/util-deprecate/download/util-deprecate-1.0.2.tgz"
      },
      "dependencies": {
        "core-util-is": {
          "version": "http://registry.npm.taobao.org/core-util-is/download/core-util-is-1.0.2.tgz",
          "bundled": true
        },
        "inherits": {
          "version": "http://registry.npm.taobao.org/inherits/download/inherits-2.0.3.tgz",
          "bundled": true
        },
        "isarray": {
          "version": "http://registry.npm.taobao.org/isarray/download/isarray-1.0.0.tgz",
          "bundled": true
        },
        "process-nextick-args": {
          "version": "http://registry.npm.taobao.org/process-nextick-args/download/process-nextick-args-1.0.7.tgz",
          "bundled": true
        },
        "safe-buffer": {
          "version": "http://registry.npm.taobao.org/safe-buffer/download/safe-buffer-5.1.1.tgz",
          "bundled": true
        },
        "string_decoder": {
          "version": "http://registry.npm.taobao.org/string_decoder/download/string_decoder-1.0.3.tgz",
          "bundled": true,
          "requires": {
            "safe-buffer": "5.1.1"
          },
          "dependencies": {}
        },
        "util-deprecate": {
          "version": "http://registry.npm.taobao.org/util-deprecate/download/util-deprecate-1.0.2.tgz",
          "bundled": true
        }
      }
    },
    "safe-buffer": {
      "version": "http://registry.npm.taobao.org/safe-buffer/download/safe-buffer-5.1.1.tgz"
    },
    "sqlstring": {
      "version": "http://registry.npm.taobao.org/sqlstring/download/sqlstring-2.3.0.tgz"
    },
    "string_decoder": {
      "version": "http://registry.npm.taobao.org/string_decoder/download/string_decoder-1.0.3.tgz",
      "requires": {
        "safe-buffer": "http://registry.npm.taobao.org/safe-buffer/download/safe-buffer-5.1.1.tgz"
      },
      "dependencies": {
        "safe-buffer": {
          "version": "http://registry.npm.taobao.org/safe-buffer/download/safe-buffer-5.1.1.tgz",
          "bundled": true
        }
      }
    },
    "util-deprecate": {
      "version": "http://registry.npm.taobao.org/util-deprecate/download/util-deprecate-1.0.2.tgz"
    }
  }
}
